// !$*UTF8*$!
{
	archiveVersion = 1;
	classes = {
	};
	objectVersion = 51;
	objects = {

/* Begin PBXBuildFile section */
		49935DB4E58125829E3822A8 /* Pods_Parastagram_ParastagramUITests.framework in Frameworks */ = {isa = PBXBuildFile; fileRef = 8F7B85361F1E6E179AEDCFDB /* Pods_Parastagram_ParastagramUITests.framework */; };
		89B7D739E8C337E368403F8F /* Pods_ParastagramTests.framework in Frameworks */ = {isa = PBXBuildFile; fileRef = 6E8B82546FC5FFC5C521DC6A /* Pods_ParastagramTests.framework */; };
		9B5571532526EA590026542A /* AppDelegate.swift in Sources */ = {isa = PBXBuildFile; fileRef = 9B5571522526EA590026542A /* AppDelegate.swift */; };
		9B5571552526EA590026542A /* SceneDelegate.swift in Sources */ = {isa = PBXBuildFile; fileRef = 9B5571542526EA590026542A /* SceneDelegate.swift */; };
		9B5571572526EA590026542A /* ViewController.swift in Sources */ = {isa = PBXBuildFile; fileRef = 9B5571562526EA590026542A /* ViewController.swift */; };
		9B55715A2526EA590026542A /* Main.storyboard in Resources */ = {isa = PBXBuildFile; fileRef = 9B5571582526EA590026542A /* Main.storyboard */; };
		9B55715C2526EA5B0026542A /* Assets.xcassets in Resources */ = {isa = PBXBuildFile; fileRef = 9B55715B2526EA5B0026542A /* Assets.xcassets */; };
		9B55715F2526EA5B0026542A /* LaunchScreen.storyboard in Resources */ = {isa = PBXBuildFile; fileRef = 9B55715D2526EA5B0026542A /* LaunchScreen.storyboard */; };
		9B55716A2526EA5B0026542A /* ParastagramTests.swift in Sources */ = {isa = PBXBuildFile; fileRef = 9B5571692526EA5B0026542A /* ParastagramTests.swift */; };
		9B5571752526EA5B0026542A /* ParastagramUITests.swift in Sources */ = {isa = PBXBuildFile; fileRef = 9B5571742526EA5B0026542A /* ParastagramUITests.swift */; };
		9B5571832526FFEF0026542A /* LoginViewController.swift in Sources */ = {isa = PBXBuildFile; fileRef = 9B5571822526FFEF0026542A /* LoginViewController.swift */; };
		9B5571852527000A0026542A /* FeedViewController.swift in Sources */ = {isa = PBXBuildFile; fileRef = 9B5571842527000A0026542A /* FeedViewController.swift */; };
		9B55718725270C000026542A /* CameraViewController.swift in Sources */ = {isa = PBXBuildFile; fileRef = 9B55718625270C000026542A /* CameraViewController.swift */; };
		9B55718925271A320026542A /* PostCell.swift in Sources */ = {isa = PBXBuildFile; fileRef = 9B55718825271A320026542A /* PostCell.swift */; };
		DADF18D8FFFCFFC5D489F9B7 /* Pods_Parastagram.framework in Frameworks */ = {isa = PBXBuildFile; fileRef = E44EF6C0F0881B337FB00822 /* Pods_Parastagram.framework */; };
/* End PBXBuildFile section */

/* Begin PBXContainerItemProxy section */
		9B5571662526EA5B0026542A /* PBXContainerItemProxy */ = {
			isa = PBXContainerItemProxy;
			containerPortal = 9B5571472526EA590026542A /* Project object */;
			proxyType = 1;
			remoteGlobalIDString = 9B55714E2526EA590026542A;
			remoteInfo = Parastagram;
		};
		9B5571712526EA5B0026542A /* PBXContainerItemProxy */ = {
			isa = PBXContainerItemProxy;
			containerPortal = 9B5571472526EA590026542A /* Project object */;
			proxyType = 1;
			remoteGlobalIDString = 9B55714E2526EA590026542A;
			remoteInfo = Parastagram;
		};
/* End PBXContainerItemProxy section */

/* Begin PBXFileReference section */
		08080C0288523A7A9803AC51 /* Pods-Parastagram.release.xcconfig */ = {isa = PBXFileReference; includeInIndex = 1; lastKnownFileType = text.xcconfig; name = "Pods-Parastagram.release.xcconfig"; path = "Target Support Files/Pods-Parastagram/Pods-Parastagram.release.xcconfig"; sourceTree = "<group>"; };
		6E8B82546FC5FFC5C521DC6A /* Pods_ParastagramTests.framework */ = {isa = PBXFileReference; explicitFileType = wrapper.framework; includeInIndex = 0; path = Pods_ParastagramTests.framework; sourceTree = BUILT_PRODUCTS_DIR; };
		7E66F2ABAE477484E75D851E /* Pods-ParastagramTests.debug.xcconfig */ = {isa = PBXFileReference; includeInIndex = 1; lastKnownFileType = text.xcconfig; name = "Pods-ParastagramTests.debug.xcconfig"; path = "Target Support Files/Pods-ParastagramTests/Pods-ParastagramTests.debug.xcconfig"; sourceTree = "<group>"; };
		8F7B85361F1E6E179AEDCFDB /* Pods_Parastagram_ParastagramUITests.framework */ = {isa = PBXFileReference; explicitFileType = wrapper.framework; includeInIndex = 0; path = Pods_Parastagram_ParastagramUITests.framework; sourceTree = BUILT_PRODUCTS_DIR; };
		92931CD0CE3132EE84184067 /* Pods-Parastagram-ParastagramUITests.release.xcconfig */ = {isa = PBXFileReference; includeInIndex = 1; lastKnownFileType = text.xcconfig; name = "Pods-Parastagram-ParastagramUITests.release.xcconfig"; path = "Target Support Files/Pods-Parastagram-ParastagramUITests/Pods-Parastagram-ParastagramUITests.release.xcconfig"; sourceTree = "<group>"; };
		9B55714F2526EA590026542A /* Parastagram.app */ = {isa = PBXFileReference; explicitFileType = wrapper.application; includeInIndex = 0; path = Parastagram.app; sourceTree = BUILT_PRODUCTS_DIR; };
		9B5571522526EA590026542A /* AppDelegate.swift */ = {isa = PBXFileReference; lastKnownFileType = sourcecode.swift; path = AppDelegate.swift; sourceTree = "<group>"; };
		9B5571542526EA590026542A /* SceneDelegate.swift */ = {isa = PBXFileReference; lastKnownFileType = sourcecode.swift; path = SceneDelegate.swift; sourceTree = "<group>"; };
		9B5571562526EA590026542A /* ViewController.swift */ = {isa = PBXFileReference; lastKnownFileType = sourcecode.swift; path = ViewController.swift; sourceTree = "<group>"; };
		9B5571592526EA590026542A /* Base */ = {isa = PBXFileReference; lastKnownFileType = file.storyboard; name = Base; path = Base.lproj/Main.storyboard; sourceTree = "<group>"; };
		9B55715B2526EA5B0026542A /* Assets.xcassets */ = {isa = PBXFileReference; lastKnownFileType = folder.assetcatalog; path = Assets.xcassets; sourceTree = "<group>"; };
		9B55715E2526EA5B0026542A /* Base */ = {isa = PBXFileReference; lastKnownFileType = file.storyboard; name = Base; path = Base.lproj/LaunchScreen.storyboard; sourceTree = "<group>"; };
		9B5571602526EA5B0026542A /* Info.plist */ = {isa = PBXFileReference; lastKnownFileType = text.plist.xml; path = Info.plist; sourceTree = "<group>"; };
		9B5571652526EA5B0026542A /* ParastagramTests.xctest */ = {isa = PBXFileReference; explicitFileType = wrapper.cfbundle; includeInIndex = 0; path = ParastagramTests.xctest; sourceTree = BUILT_PRODUCTS_DIR; };
		9B5571692526EA5B0026542A /* ParastagramTests.swift */ = {isa = PBXFileReference; lastKnownFileType = sourcecode.swift; path = ParastagramTests.swift; sourceTree = "<group>"; };
		9B55716B2526EA5B0026542A /* Info.plist */ = {isa = PBXFileReference; lastKnownFileType = text.plist.xml; path = Info.plist; sourceTree = "<group>"; };
		9B5571702526EA5B0026542A /* ParastagramUITests.xctest */ = {isa = PBXFileReference; explicitFileType = wrapper.cfbundle; includeInIndex = 0; path = ParastagramUITests.xctest; sourceTree = BUILT_PRODUCTS_DIR; };
		9B5571742526EA5B0026542A /* ParastagramUITests.swift */ = {isa = PBXFileReference; lastKnownFileType = sourcecode.swift; path = ParastagramUITests.swift; sourceTree = "<group>"; };
		9B5571762526EA5B0026542A /* Info.plist */ = {isa = PBXFileReference; lastKnownFileType = text.plist.xml; path = Info.plist; sourceTree = "<group>"; };
		9B5571822526FFEF0026542A /* LoginViewController.swift */ = {isa = PBXFileReference; lastKnownFileType = sourcecode.swift; path = LoginViewController.swift; sourceTree = "<group>"; };
		9B5571842527000A0026542A /* FeedViewController.swift */ = {isa = PBXFileReference; lastKnownFileType = sourcecode.swift; path = FeedViewController.swift; sourceTree = "<group>"; };
		9B55718625270C000026542A /* CameraViewController.swift */ = {isa = PBXFileReference; lastKnownFileType = sourcecode.swift; path = CameraViewController.swift; sourceTree = "<group>"; };
		9B55718825271A320026542A /* PostCell.swift */ = {isa = PBXFileReference; lastKnownFileType = sourcecode.swift; path = PostCell.swift; sourceTree = "<group>"; };
		BB1546F1EA7CF6B5ECEA6ED7 /* Pods-ParastagramTests.release.xcconfig */ = {isa = PBXFileReference; includeInIndex = 1; lastKnownFileType = text.xcconfig; name = "Pods-ParastagramTests.release.xcconfig"; path = "Target Support Files/Pods-ParastagramTests/Pods-ParastagramTests.release.xcconfig"; sourceTree = "<group>"; };
		C575C0869A00524F78044DE8 /* Pods-Parastagram-ParastagramUITests.debug.xcconfig */ = {isa = PBXFileReference; includeInIndex = 1; lastKnownFileType = text.xcconfig; name = "Pods-Parastagram-ParastagramUITests.debug.xcconfig"; path = "Target Support Files/Pods-Parastagram-ParastagramUITests/Pods-Parastagram-ParastagramUITests.debug.xcconfig"; sourceTree = "<group>"; };
		E44EF6C0F0881B337FB00822 /* Pods_Parastagram.framework */ = {isa = PBXFileReference; explicitFileType = wrapper.framework; includeInIndex = 0; path = Pods_Parastagram.framework; sourceTree = BUILT_PRODUCTS_DIR; };
		E49A4D644CD7209987AD13F9 /* Pods-Parastagram.debug.xcconfig */ = {isa = PBXFileReference; includeInIndex = 1; lastKnownFileType = text.xcconfig; name = "Pods-Parastagram.debug.xcconfig"; path = "Target Support Files/Pods-Parastagram/Pods-Parastagram.debug.xcconfig"; sourceTree = "<group>"; };
/* End PBXFileReference section */

/* Begin PBXFrameworksBuildPhase section */
		9B55714C2526EA590026542A /* Frameworks */ = {
			isa = PBXFrameworksBuildPhase;
			buildActionMask = 2147483647;
			files = (
				DADF18D8FFFCFFC5D489F9B7 /* Pods_Parastagram.framework in Frameworks */,
			);
			runOnlyForDeploymentPostprocessing = 0;
		};
		9B5571622526EA5B0026542A /* Frameworks */ = {
			isa = PBXFrameworksBuildPhase;
			buildActionMask = 2147483647;
			files = (
				89B7D739E8C337E368403F8F /* Pods_ParastagramTests.framework in Frameworks */,
			);
			runOnlyForDeploymentPostprocessing = 0;
		};
		9B55716D2526EA5B0026542A /* Frameworks */ = {
			isa = PBXFrameworksBuildPhase;
			buildActionMask = 2147483647;
			files = (
				49935DB4E58125829E3822A8 /* Pods_Parastagram_ParastagramUITests.framework in Frameworks */,
			);
			runOnlyForDeploymentPostprocessing = 0;
		};
/* End PBXFrameworksBuildPhase section */

/* Begin PBXGroup section */
		1F5F68D389B413C7B229705C /* Pods */ = {
			isa = PBXGroup;
			children = (
				E49A4D644CD7209987AD13F9 /* Pods-Parastagram.debug.xcconfig */,
				08080C0288523A7A9803AC51 /* Pods-Parastagram.release.xcconfig */,
				C575C0869A00524F78044DE8 /* Pods-Parastagram-ParastagramUITests.debug.xcconfig */,
				92931CD0CE3132EE84184067 /* Pods-Parastagram-ParastagramUITests.release.xcconfig */,
				7E66F2ABAE477484E75D851E /* Pods-ParastagramTests.debug.xcconfig */,
				BB1546F1EA7CF6B5ECEA6ED7 /* Pods-ParastagramTests.release.xcconfig */,
			);
			path = Pods;
			sourceTree = "<group>";
		};
		2ED7978F0A06A4C9810F7749 /* Frameworks */ = {
			isa = PBXGroup;
			children = (
				E44EF6C0F0881B337FB00822 /* Pods_Parastagram.framework */,
				8F7B85361F1E6E179AEDCFDB /* Pods_Parastagram_ParastagramUITests.framework */,
				6E8B82546FC5FFC5C521DC6A /* Pods_ParastagramTests.framework */,
			);
			name = Frameworks;
			sourceTree = "<group>";
		};
		9B5571462526EA590026542A = {
			isa = PBXGroup;
			children = (
				9B5571512526EA590026542A /* Parastagram */,
				9B5571682526EA5B0026542A /* ParastagramTests */,
				9B5571732526EA5B0026542A /* ParastagramUITests */,
				9B5571502526EA590026542A /* Products */,
				1F5F68D389B413C7B229705C /* Pods */,
				2ED7978F0A06A4C9810F7749 /* Frameworks */,
			);
			sourceTree = "<group>";
		};
		9B5571502526EA590026542A /* Products */ = {
			isa = PBXGroup;
			children = (
				9B55714F2526EA590026542A /* Parastagram.app */,
				9B5571652526EA5B0026542A /* ParastagramTests.xctest */,
				9B5571702526EA5B0026542A /* ParastagramUITests.xctest */,
			);
			name = Products;
			sourceTree = "<group>";
		};
		9B5571512526EA590026542A /* Parastagram */ = {
			isa = PBXGroup;
			children = (
				9B5571522526EA590026542A /* AppDelegate.swift */,
				9B5571542526EA590026542A /* SceneDelegate.swift */,
				9B5571562526EA590026542A /* ViewController.swift */,
				9B5571582526EA590026542A /* Main.storyboard */,
				9B55715B2526EA5B0026542A /* Assets.xcassets */,
				9B55715D2526EA5B0026542A /* LaunchScreen.storyboard */,
				9B5571602526EA5B0026542A /* Info.plist */,
				9B5571822526FFEF0026542A /* LoginViewController.swift */,
				9B5571842527000A0026542A /* FeedViewController.swift */,
				9B55718625270C000026542A /* CameraViewController.swift */,
				9B55718825271A320026542A /* PostCell.swift */,
			);
			path = Parastagram;
			sourceTree = "<group>";
		};
		9B5571682526EA5B0026542A /* ParastagramTests */ = {
			isa = PBXGroup;
			children = (
				9B5571692526EA5B0026542A /* ParastagramTests.swift */,
				9B55716B2526EA5B0026542A /* Info.plist */,
			);
			path = ParastagramTests;
			sourceTree = "<group>";
		};
		9B5571732526EA5B0026542A /* ParastagramUITests */ = {
			isa = PBXGroup;
			children = (
				9B5571742526EA5B0026542A /* ParastagramUITests.swift */,
				9B5571762526EA5B0026542A /* Info.plist */,
			);
			path = ParastagramUITests;
			sourceTree = "<group>";
		};
/* End PBXGroup section */

/* Begin PBXNativeTarget section */
		9B55714E2526EA590026542A /* Parastagram */ = {
			isa = PBXNativeTarget;
			buildConfigurationList = 9B5571792526EA5B0026542A /* Build configuration list for PBXNativeTarget "Parastagram" */;
			buildPhases = (
				FEDE28AF3C6D7BACC4FBD514 /* [CP] Check Pods Manifest.lock */,
				9B55714B2526EA590026542A /* Sources */,
				9B55714C2526EA590026542A /* Frameworks */,
				9B55714D2526EA590026542A /* Resources */,
				ABD22A0864997C129A284487 /* [CP] Embed Pods Frameworks */,
			);
			buildRules = (
			);
			dependencies = (
			);
			name = Parastagram;
			productName = Parastagram;
			productReference = 9B55714F2526EA590026542A /* Parastagram.app */;
			productType = "com.apple.product-type.application";
		};
		9B5571642526EA5B0026542A /* ParastagramTests */ = {
			isa = PBXNativeTarget;
			buildConfigurationList = 9B55717C2526EA5B0026542A /* Build configuration list for PBXNativeTarget "ParastagramTests" */;
			buildPhases = (
				88812F80FA96038C450E0AA8 /* [CP] Check Pods Manifest.lock */,
				9B5571612526EA5B0026542A /* Sources */,
				9B5571622526EA5B0026542A /* Frameworks */,
				9B5571632526EA5B0026542A /* Resources */,
			);
			buildRules = (
			);
			dependencies = (
				9B5571672526EA5B0026542A /* PBXTargetDependency */,
			);
			name = ParastagramTests;
			productName = ParastagramTests;
			productReference = 9B5571652526EA5B0026542A /* ParastagramTests.xctest */;
			productType = "com.apple.product-type.bundle.unit-test";
		};
		9B55716F2526EA5B0026542A /* ParastagramUITests */ = {
			isa = PBXNativeTarget;
			buildConfigurationList = 9B55717F2526EA5B0026542A /* Build configuration list for PBXNativeTarget "ParastagramUITests" */;
			buildPhases = (
				705913482926DF739A29B3CD /* [CP] Check Pods Manifest.lock */,
				9B55716C2526EA5B0026542A /* Sources */,
				9B55716D2526EA5B0026542A /* Frameworks */,
				9B55716E2526EA5B0026542A /* Resources */,
				AA80806D64BBC8A17432C361 /* [CP] Embed Pods Frameworks */,
			);
			buildRules = (
			);
			dependencies = (
				9B5571722526EA5B0026542A /* PBXTargetDependency */,
			);
			name = ParastagramUITests;
			productName = ParastagramUITests;
			productReference = 9B5571702526EA5B0026542A /* ParastagramUITests.xctest */;
			productType = "com.apple.product-type.bundle.ui-testing";
		};
/* End PBXNativeTarget section */

/* Begin PBXProject section */
		9B5571472526EA590026542A /* Project object */ = {
			isa = PBXProject;
			attributes = {
				LastSwiftUpdateCheck = 1130;
				LastUpgradeCheck = 1130;
				ORGANIZATIONNAME = "Xochitl Medina";
				TargetAttributes = {
					9B55714E2526EA590026542A = {
						CreatedOnToolsVersion = 11.3.1;
					};
					9B5571642526EA5B0026542A = {
						CreatedOnToolsVersion = 11.3.1;
						TestTargetID = 9B55714E2526EA590026542A;
					};
					9B55716F2526EA5B0026542A = {
						CreatedOnToolsVersion = 11.3.1;
						TestTargetID = 9B55714E2526EA590026542A;
					};
				};
			};
			buildConfigurationList = 9B55714A2526EA590026542A /* Build configuration list for PBXProject "Parastagram" */;
			compatibilityVersion = "Xcode 9.3";
			developmentRegion = en;
			hasScannedForEncodings = 0;
			knownRegions = (
				en,
				Base,
			);
			mainGroup = 9B5571462526EA590026542A;
			productRefGroup = 9B5571502526EA590026542A /* Products */;
			projectDirPath = "";
			projectRoot = "";
			targets = (
				9B55714E2526EA590026542A /* Parastagram */,
				9B5571642526EA5B0026542A /* ParastagramTests */,
				9B55716F2526EA5B0026542A /* ParastagramUITests */,
			);
		};
/* End PBXProject section */

/* Begin PBXResourcesBuildPhase section */
		9B55714D2526EA590026542A /* Resources */ = {
			isa = PBXResourcesBuildPhase;
			buildActionMask = 2147483647;
			files = (
				9B55715F2526EA5B0026542A /* LaunchScreen.storyboard in Resources */,
				9B55715C2526EA5B0026542A /* Assets.xcassets in Resources */,
				9B55715A2526EA590026542A /* Main.storyboard in Resources */,
			);
			runOnlyForDeploymentPostprocessing = 0;
		};
		9B5571632526EA5B0026542A /* Resources */ = {
			isa = PBXResourcesBuildPhase;
			buildActionMask = 2147483647;
			files = (
			);
			runOnlyForDeploymentPostprocessing = 0;
		};
		9B55716E2526EA5B0026542A /* Resources */ = {
			isa = PBXResourcesBuildPhase;
			buildActionMask = 2147483647;
			files = (
			);
			runOnlyForDeploymentPostprocessing = 0;
		};
/* End PBXResourcesBuildPhase section */

/* Begin PBXShellScriptBuildPhase section */
		705913482926DF739A29B3CD /* [CP] Check Pods Manifest.lock */ = {
			isa = PBXShellScriptBuildPhase;
			buildActionMask = 2147483647;
			files = (
			);
			inputFileListPaths = (
			);
			inputPaths = (
				"${PODS_PODFILE_DIR_PATH}/Podfile.lock",
				"${PODS_ROOT}/Manifest.lock",
			);
			name = "[CP] Check Pods Manifest.lock";
			outputFileListPaths = (
			);
			outputPaths = (
				"$(DERIVED_FILE_DIR)/Pods-Parastagram-ParastagramUITests-checkManifestLockResult.txt",
			);
			runOnlyForDeploymentPostprocessing = 0;
			shellPath = /bin/sh;
			shellScript = "diff \"${PODS_PODFILE_DIR_PATH}/Podfile.lock\" \"${PODS_ROOT}/Manifest.lock\" > /dev/null\nif [ $? != 0 ] ; then\n    # print error to STDERR\n    echo \"error: The sandbox is not in sync with the Podfile.lock. Run 'pod install' or update your CocoaPods installation.\" >&2\n    exit 1\nfi\n# This output is used by Xcode 'outputs' to avoid re-running this script phase.\necho \"SUCCESS\" > \"${SCRIPT_OUTPUT_FILE_0}\"\n";
			showEnvVarsInLog = 0;
		};
		88812F80FA96038C450E0AA8 /* [CP] Check Pods Manifest.lock */ = {
			isa = PBXShellScriptBuildPhase;
			buildActionMask = 2147483647;
			files = (
			);
			inputFileListPaths = (
			);
			inputPaths = (
				"${PODS_PODFILE_DIR_PATH}/Podfile.lock",
				"${PODS_ROOT}/Manifest.lock",
			);
			name = "[CP] Check Pods Manifest.lock";
			outputFileListPaths = (
			);
			outputPaths = (
				"$(DERIVED_FILE_DIR)/Pods-ParastagramTests-checkManifestLockResult.txt",
			);
			runOnlyForDeploymentPostprocessing = 0;
			shellPath = /bin/sh;
			shellScript = "diff \"${PODS_PODFILE_DIR_PATH}/Podfile.lock\" \"${PODS_ROOT}/Manifest.lock\" > /dev/null\nif [ $? != 0 ] ; then\n    # print error to STDERR\n    echo \"error: The sandbox is not in sync with the Podfile.lock. Run 'pod install' or update your CocoaPods installation.\" >&2\n    exit 1\nfi\n# This output is used by Xcode 'outputs' to avoid re-running this script phase.\necho \"SUCCESS\" > \"${SCRIPT_OUTPUT_FILE_0}\"\n";
			showEnvVarsInLog = 0;
		};
		AA80806D64BBC8A17432C361 /* [CP] Embed Pods Frameworks */ = {
			isa = PBXShellScriptBuildPhase;
			buildActionMask = 2147483647;
			files = (
			);
			inputFileListPaths = (
				"${PODS_ROOT}/Target Support Files/Pods-Parastagram-ParastagramUITests/Pods-Parastagram-ParastagramUITests-frameworks-${CONFIGURATION}-input-files.xcfilelist",
			);
			name = "[CP] Embed Pods Frameworks";
			outputFileListPaths = (
				"${PODS_ROOT}/Target Support Files/Pods-Parastagram-ParastagramUITests/Pods-Parastagram-ParastagramUITests-frameworks-${CONFIGURATION}-output-files.xcfilelist",
			);
			runOnlyForDeploymentPostprocessing = 0;
			shellPath = /bin/sh;
			shellScript = "\"${PODS_ROOT}/Target Support Files/Pods-Parastagram-ParastagramUITests/Pods-Parastagram-ParastagramUITests-frameworks.sh\"\n";
			showEnvVarsInLog = 0;
		};
		ABD22A0864997C129A284487 /* [CP] Embed Pods Frameworks */ = {
			isa = PBXShellScriptBuildPhase;
			buildActionMask = 2147483647;
			files = (
			);
			inputFileListPaths = (
				"${PODS_ROOT}/Target Support Files/Pods-Parastagram/Pods-Parastagram-frameworks-${CONFIGURATION}-input-files.xcfilelist",
			);
			name = "[CP] Embed Pods Frameworks";
			outputFileListPaths = (
				"${PODS_ROOT}/Target Support Files/Pods-Parastagram/Pods-Parastagram-frameworks-${CONFIGURATION}-output-files.xcfilelist",
			);
			runOnlyForDeploymentPostprocessing = 0;
			shellPath = /bin/sh;
			shellScript = "\"${PODS_ROOT}/Target Support Files/Pods-Parastagram/Pods-Parastagram-frameworks.sh\"\n";
			showEnvVarsInLog = 0;
		};
		FEDE28AF3C6D7BACC4FBD514 /* [CP] Check Pods Manifest.lock */ = {
			isa = PBXShellScriptBuildPhase;
			buildActionMask = 2147483647;
			files = (
			);
			inputFileListPaths = (
			);
			inputPaths = (
				"${PODS_PODFILE_DIR_PATH}/Podfile.lock",
				"${PODS_ROOT}/Manifest.lock",
			);
			name = "[CP] Check Pods Manifest.lock";
			outputFileListPaths = (
			);
			outputPaths = (
				"$(DERIVED_FILE_DIR)/Pods-Parastagram-checkManifestLockResult.txt",
			);
			runOnlyForDeploymentPostprocessing = 0;
			shellPath = /bin/sh;
			shellScript = "diff \"${PODS_PODFILE_DIR_PATH}/Podfile.lock\" \"${PODS_ROOT}/Manifest.lock\" > /dev/null\nif [ $? != 0 ] ; then\n    # print error to STDERR\n    echo \"error: The sandbox is not in sync with the Podfile.lock. Run 'pod install' or update your CocoaPods installation.\" >&2\n    exit 1\nfi\n# This output is used by Xcode 'outputs' to avoid re-running this script phase.\necho \"SUCCESS\" > \"${SCRIPT_OUTPUT_FILE_0}\"\n";
			showEnvVarsInLog = 0;
		};
/* End PBXShellScriptBuildPhase section */

/* Begin PBXSourcesBuildPhase section */
		9B55714B2526EA590026542A /* Sources */ = {
			isa = PBXSourcesBuildPhase;
			buildActionMask = 2147483647;
			files = (
				9B55718925271A320026542A /* PostCell.swift in Sources */,
				9B5571832526FFEF0026542A /* LoginViewController.swift in Sources */,
				9B5571572526EA590026542A /* ViewController.swift in Sources */,
				9B5571852527000A0026542A /* FeedViewController.swift in Sources */,
				9B5571532526EA590026542A /* AppDelegate.swift in Sources */,
				9B5571552526EA590026542A /* SceneDelegate.swift in Sources */,
				9B55718725270C000026542A /* CameraViewController.swift in Sources */,
			);
			runOnlyForDeploymentPostprocessing = 0;
		};
		9B5571612526EA5B0026542A /* Sources */ = {
			isa = PBXSourcesBuildPhase;
			buildActionMask = 2147483647;
			files = (
				9B55716A2526EA5B0026542A /* ParastagramTests.swift in Sources */,
			);
			runOnlyForDeploymentPostprocessing = 0;
		};
		9B55716C2526EA5B0026542A /* Sources */ = {
			isa = PBXSourcesBuildPhase;
			buildActionMask = 2147483647;
			files = (
				9B5571752526EA5B0026542A /* ParastagramUITests.swift in Sources */,
			);
			runOnlyForDeploymentPostprocessing = 0;
		};
/* End PBXSourcesBuildPhase section */

/* Begin PBXTargetDependency section */
		9B5571672526EA5B0026542A /* PBXTargetDependency */ = {
			isa = PBXTargetDependency;
			target = 9B55714E2526EA590026542A /* Parastagram */;
			targetProxy = 9B5571662526EA5B0026542A /* PBXContainerItemProxy */;
		};
		9B5571722526EA5B0026542A /* PBXTargetDependency */ = {
			isa = PBXTargetDependency;
			target = 9B55714E2526EA590026542A /* Parastagram */;
			targetProxy = 9B5571712526EA5B0026542A /* PBXContainerItemProxy */;
		};
/* End PBXTargetDependency section */

/* Begin PBXVariantGroup section */
		9B5571582526EA590026542A /* Main.storyboard */ = {
			isa = PBXVariantGroup;
			children = (
				9B5571592526EA590026542A /* Base */,
			);
			name = Main.storyboard;
			sourceTree = "<group>";
		};
		9B55715D2526EA5B0026542A /* LaunchScreen.storyboard */ = {
			isa = PBXVariantGroup;
			children = (
				9B55715E2526EA5B0026542A /* Base */,
			);
			name = LaunchScreen.storyboard;
			sourceTree = "<group>";
		};
/* End PBXVariantGroup section */

/* Begin XCBuildConfiguration section */
		9B5571772526EA5B0026542A /* Debug */ = {
			isa = XCBuildConfiguration;
			buildSettings = {
				ALWAYS_SEARCH_USER_PATHS = NO;
				CLANG_ANALYZER_NONNULL = YES;
				CLANG_ANALYZER_NUMBER_OBJECT_CONVERSION = YES_AGGRESSIVE;
				CLANG_CXX_LANGUAGE_STANDARD = "gnu++14";
				CLANG_CXX_LIBRARY = "libc++";
				CLANG_ENABLE_MODULES = YES;
				CLANG_ENABLE_OBJC_ARC = YES;
				CLANG_ENABLE_OBJC_WEAK = YES;
				CLANG_WARN_BLOCK_CAPTURE_AUTORELEASING = YES;
				CLANG_WARN_BOOL_CONVERSION = YES;
				CLANG_WARN_COMMA = YES;
				CLANG_WARN_CONSTANT_CONVERSION = YES;
				CLANG_WARN_DEPRECATED_OBJC_IMPLEMENTATIONS = YES;
				CLANG_WARN_DIRECT_OBJC_ISA_USAGE = YES_ERROR;
				CLANG_WARN_DOCUMENTATION_COMMENTS = YES;
				CLANG_WARN_EMPTY_BODY = YES;
				CLANG_WARN_ENUM_CONVERSION = YES;
				CLANG_WARN_INFINITE_RECURSION = YES;
				CLANG_WARN_INT_CONVERSION = YES;
				CLANG_WARN_NON_LITERAL_NULL_CONVERSION = YES;
				CLANG_WARN_OBJC_IMPLICIT_RETAIN_SELF = YES;
				CLANG_WARN_OBJC_LITERAL_CONVERSION = YES;
				CLANG_WARN_OBJC_ROOT_CLASS = YES_ERROR;
				CLANG_WARN_RANGE_LOOP_ANALYSIS = YES;
				CLANG_WARN_STRICT_PROTOTYPES = YES;
				CLANG_WARN_SUSPICIOUS_MOVE = YES;
				CLANG_WARN_UNGUARDED_AVAILABILITY = YES_AGGRESSIVE;
				CLANG_WARN_UNREACHABLE_CODE = YES;
				CLANG_WARN__DUPLICATE_METHOD_MATCH = YES;
				COPY_PHASE_STRIP = NO;
				DEBUG_INFORMATION_FORMAT = dwarf;
				ENABLE_STRICT_OBJC_MSGSEND = YES;
				ENABLE_TESTABILITY = YES;
				GCC_C_LANGUAGE_STANDARD = gnu11;
				GCC_DYNAMIC_NO_PIC = NO;
				GCC_NO_COMMON_BLOCKS = YES;
				GCC_OPTIMIZATION_LEVEL = 0;
				GCC_PREPROCESSOR_DEFINITIONS = (
					"DEBUG=1",
					"$(inherited)",
				);
				GCC_WARN_64_TO_32_BIT_CONVERSION = YES;
				GCC_WARN_ABOUT_RETURN_TYPE = YES_ERROR;
				GCC_WARN_UNDECLARED_SELECTOR = YES;
				GCC_WARN_UNINITIALIZED_AUTOS = YES_AGGRESSIVE;
				GCC_WARN_UNUSED_FUNCTION = YES;
				GCC_WARN_UNUSED_VARIABLE = YES;
				IPHONEOS_DEPLOYMENT_TARGET = 13.2;
				MTL_ENABLE_DEBUG_INFO = INCLUDE_SOURCE;
				MTL_FAST_MATH = YES;
				ONLY_ACTIVE_ARCH = YES;
				SDKROOT = iphoneos;
				SWIFT_ACTIVE_COMPILATION_CONDITIONS = DEBUG;
				SWIFT_OPTIMIZATION_LEVEL = "-Onone";
			};
			name = Debug;
		};
		9B5571782526EA5B0026542A /* Release */ = {
			isa = XCBuildConfiguration;
			buildSettings = {
				ALWAYS_SEARCH_USER_PATHS = NO;
				CLANG_ANALYZER_NONNULL = YES;
				CLANG_ANALYZER_NUMBER_OBJECT_CONVERSION = YES_AGGRESSIVE;
				CLANG_CXX_LANGUAGE_STANDARD = "gnu++14";
				CLANG_CXX_LIBRARY = "libc++";
				CLANG_ENABLE_MODULES = YES;
				CLANG_ENABLE_OBJC_ARC = YES;
				CLANG_ENABLE_OBJC_WEAK = YES;
				CLANG_WARN_BLOCK_CAPTURE_AUTORELEASING = YES;
				CLANG_WARN_BOOL_CONVERSION = YES;
				CLANG_WARN_COMMA = YES;
				CLANG_WARN_CONSTANT_CONVERSION = YES;
				CLANG_WARN_DEPRECATED_OBJC_IMPLEMENTATIONS = YES;
				CLANG_WARN_DIRECT_OBJC_ISA_USAGE = YES_ERROR;
				CLANG_WARN_DOCUMENTATION_COMMENTS = YES;
				CLANG_WARN_EMPTY_BODY = YES;
				CLANG_WARN_ENUM_CONVERSION = YES;
				CLANG_WARN_INFINITE_RECURSION = YES;
				CLANG_WARN_INT_CONVERSION = YES;
				CLANG_WARN_NON_LITERAL_NULL_CONVERSION = YES;
				CLANG_WARN_OBJC_IMPLICIT_RETAIN_SELF = YES;
				CLANG_WARN_OBJC_LITERAL_CONVERSION = YES;
				CLANG_WARN_OBJC_ROOT_CLASS = YES_ERROR;
				CLANG_WARN_RANGE_LOOP_ANALYSIS = YES;
				CLANG_WARN_STRICT_PROTOTYPES = YES;
				CLANG_WARN_SUSPICIOUS_MOVE = YES;
				CLANG_WARN_UNGUARDED_AVAILABILITY = YES_AGGRESSIVE;
				CLANG_WARN_UNREACHABLE_CODE = YES;
				CLANG_WARN__DUPLICATE_METHOD_MATCH = YES;
				COPY_PHASE_STRIP = NO;
				DEBUG_INFORMATION_FORMAT = "dwarf-with-dsym";
				ENABLE_NS_ASSERTIONS = NO;
				ENABLE_STRICT_OBJC_MSGSEND = YES;
				GCC_C_LANGUAGE_STANDARD = gnu11;
				GCC_NO_COMMON_BLOCKS = YES;
				GCC_WARN_64_TO_32_BIT_CONVERSION = YES;
				GCC_WARN_ABOUT_RETURN_TYPE = YES_ERROR;
				GCC_WARN_UNDECLARED_SELECTOR = YES;
				GCC_WARN_UNINITIALIZED_AUTOS = YES_AGGRESSIVE;
				GCC_WARN_UNUSED_FUNCTION = YES;
				GCC_WARN_UNUSED_VARIABLE = YES;
				IPHONEOS_DEPLOYMENT_TARGET = 13.2;
				MTL_ENABLE_DEBUG_INFO = NO;
				MTL_FAST_MATH = YES;
				SDKROOT = iphoneos;
				SWIFT_COMPILATION_MODE = wholemodule;
				SWIFT_OPTIMIZATION_LEVEL = "-O";
				VALIDATE_PRODUCT = YES;
			};
			name = Release;
		};
		9B55717A2526EA5B0026542A /* Debug */ = {
			isa = XCBuildConfiguration;
			baseConfigurationReference = E49A4D644CD7209987AD13F9 /* Pods-Parastagram.debug.xcconfig */;
			buildSettings = {
				ASSETCATALOG_COMPILER_APPICON_NAME = AppIcon;
				CODE_SIGN_STYLE = Automatic;
				INFOPLIST_FILE = Parastagram/Info.plist;
				LD_RUNPATH_SEARCH_PATHS = (
					"$(inherited)",
					"@executable_path/Frameworks",
				);
				PRODUCT_BUNDLE_IDENTIFIER = xochitlmedinaarreola.Parastagram;
				PRODUCT_NAME = "$(TARGET_NAME)";
				SWIFT_VERSION = 5.0;
				TARGETED_DEVICE_FAMILY = "1,2";
			};
			name = Debug;
		};
		9B55717B2526EA5B0026542A /* Release */ = {
			isa = XCBuildConfiguration;
			baseConfigurationReference = 08080C0288523A7A9803AC51 /* Pods-Parastagram.release.xcconfig */;
			buildSettings = {
				ASSETCATALOG_COMPILER_APPICON_NAME = AppIcon;
				CODE_SIGN_STYLE = Automatic;
				INFOPLIST_FILE = Parastagram/Info.plist;
				LD_RUNPATH_SEARCH_PATHS = (
					"$(inherited)",
					"@executable_path/Frameworks",
				);
				PRODUCT_BUNDLE_IDENTIFIER = xochitlmedinaarreola.Parastagram;
				PRODUCT_NAME = "$(TARGET_NAME)";
				SWIFT_VERSION = 5.0;
				TARGETED_DEVICE_FAMILY = "1,2";
			};
			name = Release;
		};
		9B55717D2526EA5B0026542A /* Debug */ = {
			isa = XCBuildConfiguration;
			baseConfigurationReference = 7E66F2ABAE477484E75D851E /* Pods-ParastagramTests.debug.xcconfig */;
			buildSettings = {
				ALWAYS_EMBED_SWIFT_STANDARD_LIBRARIES = YES;
				BUNDLE_LOADER = "$(TEST_HOST)";
				CODE_SIGN_STYLE = Automatic;
				INFOPLIST_FILE = ParastagramTests/Info.plist;
				IPHONEOS_DEPLOYMENT_TARGET = 13.2;
				LD_RUNPATH_SEARCH_PATHS = (
					"$(inherited)",
					"@executable_path/Frameworks",
					"@loader_path/Frameworks",
				);
				PRODUCT_BUNDLE_IDENTIFIER = xochitlmedinaarreola.ParastagramTests;
				PRODUCT_NAME = "$(TARGET_NAME)";
				SWIFT_VERSION = 5.0;
				TARGETED_DEVICE_FAMILY = "1,2";
				TEST_HOST = "$(BUILT_PRODUCTS_DIR)/Parastagram.app/Parastagram";
			};
			name = Debug;
		};
		9B55717E2526EA5B0026542A /* Release */ = {
			isa = XCBuildConfiguration;
			baseConfigurationReference = BB1546F1EA7CF6B5ECEA6ED7 /* Pods-ParastagramTests.release.xcconfig */;
			buildSettings = {
				ALWAYS_EMBED_SWIFT_STANDARD_LIBRARIES = YES;
				BUNDLE_LOADER = "$(TEST_HOST)";
				CODE_SIGN_STYLE = Automatic;
				INFOPLIST_FILE = ParastagramTests/Info.plist;
				IPHONEOS_DEPLOYMENT_TARGET = 13.2;
				LD_RUNPATH_SEARCH_PATHS = (
					"$(inherited)",
					"@executable_path/Frameworks",
					"@loader_path/Frameworks",
				);
				PRODUCT_BUNDLE_IDENTIFIER = xochitlmedinaarreola.ParastagramTests;
				PRODUCT_NAME = "$(TARGET_NAME)";
				SWIFT_VERSION = 5.0;
				TARGETED_DEVICE_FAMILY = "1,2";
				TEST_HOST = "$(BUILT_PRODUCTS_DIR)/Parastagram.app/Parastagram";
			};
			name = Release;
		};
		9B5571802526EA5B0026542A /* Debug */ = {
			isa = XCBuildConfiguration;
			baseConfigurationReference = C575C0869A00524F78044DE8 /* Pods-Parastagram-ParastagramUITests.debug.xcconfig */;
			buildSettings = {
				ALWAYS_EMBED_SWIFT_STANDARD_LIBRARIES = YES;
				CODE_SIGN_STYLE = Automatic;
				INFOPLIST_FILE = ParastagramUITests/Info.plist;
				LD_RUNPATH_SEARCH_PATHS = (
					"$(inherited)",
					"@executable_path/Frameworks",
					"@loader_path/Frameworks",
				);
				PRODUCT_BUNDLE_IDENTIFIER = xochitlmedinaarreola.ParastagramUITests;
				PRODUCT_NAME = "$(TARGET_NAME)";
				SWIFT_VERSION = 5.0;
				TARGETED_DEVICE_FAMILY = "1,2";
				TEST_TARGET_NAME = Parastagram;
			};
			name = Debug;
		};
		9B5571812526EA5B0026542A /* Release */ = {
			isa = XCBuildConfiguration;
			baseConfigurationReference = 92931CD0CE3132EE84184067 /* Pods-Parastagram-ParastagramUITests.release.xcconfig */;
			buildSettings = {
				ALWAYS_EMBED_SWIFT_STANDARD_LIBRARIES = YES;
				CODE_SIGN_STYLE = Automatic;
				INFOPLIST_FILE = ParastagramUITests/Info.plist;
				LD_RUNPATH_SEARCH_PATHS = (
					"$(inherited)",
					"@executable_path/Frameworks",
					"@loader_path/Frameworks",
				);
				PRODUCT_BUNDLE_IDENTIFIER = xochitlmedinaarreola.ParastagramUITests;
				PRODUCT_NAME = "$(TARGET_NAME)";
				SWIFT_VERSION = 5.0;
				TARGETED_DEVICE_FAMILY = "1,2";
				TEST_TARGET_NAME = Parastagram;
			};
			name = Release;
		};
/* End XCBuildConfiguration section */

/* Begin XCConfigurationList section */
		9B55714A2526EA590026542A /* Build configuration list for PBXProject "Parastagram" */ = {
			isa = XCConfigurationList;
			buildConfigurations = (
				9B5571772526EA5B0026542A /* Debug */,
				9B5571782526EA5B0026542A /* Release */,
			);
			defaultConfigurationIsVisible = 0;
			defaultConfigurationName = Release;
		};
		9B5571792526EA5B0026542A /* Build configuration list for PBXNativeTarget "Parastagram" */ = {
			isa = XCConfigurationList;
			buildConfigurations = (
				9B55717A2526EA5B0026542A /* Debug */,
				9B55717B2526EA5B0026542A /* Release */,
			);
			defaultConfigurationIsVisible = 0;
			defaultConfigurationName = Release;
		};
		9B55717C2526EA5B0026542A /* Build configuration list for PBXNativeTarget "ParastagramTests" */ = {
			isa = XCConfigurationList;
			buildConfigurations = (
				9B55717D2526EA5B0026542A /* Debug */,
				9B55717E2526EA5B0026542A /* Release */,
			);
			defaultConfigurationIsVisible = 0;
			defaultConfigurationName = Release;
		};
		9B55717F2526EA5B0026542A /* Build configuration list for PBXNativeTarget "ParastagramUITests" */ = {
			isa = XCConfigurationList;
			buildConfigurations = (
				9B5571802526EA5B0026542A /* Debug */,
				9B5571812526EA5B0026542A /* Release */,
			);
			defaultConfigurationIsVisible = 0;
			defaultConfigurationName = Release;
		};
/* End XCConfigurationList section */
	};
	rootObject = 9B5571472526EA590026542A /* Project object */;
}
